# @generated by Move, please check-in and do not edit manually.

[move]
version = 3
manifest_digest = "D73FF7DF583BBCFF9D9AE4E0088BDD727DD97F67EB44DFED9B8C874609BE170A"
deps_digest = "F8BBB0CCB2491CA29A3DF03D6F92277A4F3574266507ACD77214D37ECA3F3082"
dependencies = [
  { id = "Iota", name = "Iota" },
]

[[move.package]]
id = "Iota"
source = { git = "https://github.com/iotaledger/iota.git", rev = "framework/devnet", subdir = "crates/iota-framework/packages/iota-framework" }

dependencies = [
  { id = "MoveStdlib", name = "MoveStdlib" },
]

[[move.package]]
id = "MoveStdlib"
source = { git = "https://github.com/iotaledger/iota.git", rev = "framework/devnet", subdir = "crates/iota-framework/packages/move-stdlib" }

[move.toolchain-version]
compiler-version = "1.20.1"
edition = "2024.beta"
flavor = "iota"

[env]

[env.devnet]
chain-id = "daf90477"
original-published-id = "0x76f9af5d12803e11caa60a6f7adaca9b59c3674eba1fda3e8af22c97381052f5"
latest-published-id = "0x76f9af5d12803e11caa60a6f7adaca9b59c3674eba1fda3e8af22c97381052f5"
published-version = "1"
